// !$*UTF8*$!
{
	archiveVersion = 1;
	classes = {
	};
	objectVersion = 77;
	objects = {

/* Begin PBXBuildFile section */
		244C436E2E9AA12F003D2A61 /* AWSCognitoIdentity in Frameworks */ = {isa = PBXBuildFile; productRef = 244C436D2E9AA12F003D2A61 /* AWSCognitoIdentity */; };
		244C43702E9AA12F003D2A61 /* AWSS3 in Frameworks */ = {isa = PBXBuildFile; productRef = 244C436F2E9AA12F003D2A61 /* AWSS3 */; };
		244C43722E9AA4ED003D2A61 /* AWSCognitoIdentityProvider in Frameworks */ = {isa = PBXBuildFile; productRef = 244C43712E9AA4ED003D2A61 /* AWSCognitoIdentityProvider */; };
		244C43742E9AA587003D2A61 /* AWSBedrockAgent in Frameworks */ = {isa = PBXBuildFile; productRef = 244C43732E9AA587003D2A61 /* AWSBedrockAgent */; };
		244C43762E9AA587003D2A61 /* AWSBedrockAgentCore in Frameworks */ = {isa = PBXBuildFile; productRef = 244C43752E9AA587003D2A61 /* AWSBedrockAgentCore */; };
		244C43782E9AA587003D2A61 /* AWSBedrockAgentCoreControl in Frameworks */ = {isa = PBXBuildFile; productRef = 244C43772E9AA587003D2A61 /* AWSBedrockAgentCoreControl */; };
		244C437A2E9AA587003D2A61 /* AWSClientRuntime in Frameworks */ = {isa = PBXBuildFile; productRef = 244C43792E9AA587003D2A61 /* AWSClientRuntime */; };
/* End PBXBuildFile section */

/* Begin PBXContainerItemProxy section */
		248836E12E6282C5002D47F1 /* PBXContainerItemProxy */ = {
			isa = PBXContainerItemProxy;
			containerPortal = 248836CB2E6282C3002D47F1 /* Project object */;
			proxyType = 1;
			remoteGlobalIDString = 248836D22E6282C3002D47F1;
			remoteInfo = "Positive Only Social";
		};
		248836EB2E6282C5002D47F1 /* PBXContainerItemProxy */ = {
			isa = PBXContainerItemProxy;
			containerPortal = 248836CB2E6282C3002D47F1 /* Project object */;
			proxyType = 1;
			remoteGlobalIDString = 248836D22E6282C3002D47F1;
			remoteInfo = "Positive Only Social";
		};
/* End PBXContainerItemProxy section */

/* Begin PBXFileReference section */
		248836D32E6282C3002D47F1 /* Positive Only Social.app */ = {isa = PBXFileReference; explicitFileType = wrapper.application; includeInIndex = 0; path = "Positive Only Social.app"; sourceTree = BUILT_PRODUCTS_DIR; };
		248836E02E6282C5002D47F1 /* Positive Only SocialTests.xctest */ = {isa = PBXFileReference; explicitFileType = wrapper.cfbundle; includeInIndex = 0; path = "Positive Only SocialTests.xctest"; sourceTree = BUILT_PRODUCTS_DIR; };
		248836EA2E6282C5002D47F1 /* Positive Only SocialUITests.xctest */ = {isa = PBXFileReference; explicitFileType = wrapper.cfbundle; includeInIndex = 0; path = "Positive Only SocialUITests.xctest"; sourceTree = BUILT_PRODUCTS_DIR; };
/* End PBXFileReference section */

/* Begin PBXFileSystemSynchronizedBuildFileExceptionSet section */
		244C43342E93FB29003D2A61 /* Exceptions for "Positive Only Social" folder in "Positive Only SocialTests" target */ = {
			isa = PBXFileSystemSynchronizedBuildFileExceptionSet;
			membershipExceptions = (
				FeedView.swift,
				HomeView.swift,
				LoginView.swift,
				NewPostView.swift,
				RegisterView.swift,
				SettingsView.swift,
			);
			target = 248836DF2E6282C5002D47F1 /* Positive Only SocialTests */;
		};
		244C43352E93FB29003D2A61 /* Exceptions for "Positive Only Social" folder in "Positive Only SocialUITests" target */ = {
			isa = PBXFileSystemSynchronizedBuildFileExceptionSet;
			membershipExceptions = (
				FeedView.swift,
				HomeView.swift,
				LoginView.swift,
				NewPostView.swift,
				RegisterView.swift,
				SettingsView.swift,
			);
			target = 248836E92E6282C5002D47F1 /* Positive Only SocialUITests */;
		};
/* End PBXFileSystemSynchronizedBuildFileExceptionSet section */

/* Begin PBXFileSystemSynchronizedRootGroup section */
		248836D52E6282C3002D47F1 /* Positive Only Social */ = {
			isa = PBXFileSystemSynchronizedRootGroup;
			exceptions = (
				244C43342E93FB29003D2A61 /* Exceptions for "Positive Only Social" folder in "Positive Only SocialTests" target */,
				244C43352E93FB29003D2A61 /* Exceptions for "Positive Only Social" folder in "Positive Only SocialUITests" target */,
			);
			path = "Positive Only Social";
			sourceTree = "<group>";
		};
		248836E32E6282C5002D47F1 /* Positive Only SocialTests */ = {
			isa = PBXFileSystemSynchronizedRootGroup;
			path = "Positive Only SocialTests";
			sourceTree = "<group>";
		};
		248836ED2E6282C5002D47F1 /* Positive Only SocialUITests */ = {
			isa = PBXFileSystemSynchronizedRootGroup;
			path = "Positive Only SocialUITests";
			sourceTree = "<group>";
		};
/* End PBXFileSystemSynchronizedRootGroup section */

/* Begin PBXFrameworksBuildPhase section */
		248836D02E6282C3002D47F1 /* Frameworks */ = {
			isa = PBXFrameworksBuildPhase;
			buildActionMask = 2147483647;
			files = (
				244C43702E9AA12F003D2A61 /* AWSS3 in Frameworks */,
				244C436E2E9AA12F003D2A61 /* AWSCognitoIdentity in Frameworks */,
				244C43722E9AA4ED003D2A61 /* AWSCognitoIdentityProvider in Frameworks */,
				244C43762E9AA587003D2A61 /* AWSBedrockAgentCore in Frameworks */,
				244C43782E9AA587003D2A61 /* AWSBedrockAgentCoreControl in Frameworks */,
				244C437A2E9AA587003D2A61 /* AWSClientRuntime in Frameworks */,
				244C43742E9AA587003D2A61 /* AWSBedrockAgent in Frameworks */,
			);
			runOnlyForDeploymentPostprocessing = 0;
		};
		248836DD2E6282C5002D47F1 /* Frameworks */ = {
			isa = PBXFrameworksBuildPhase;
			buildActionMask = 2147483647;
			files = (
			);
			runOnlyForDeploymentPostprocessing = 0;
		};
		248836E72E6282C5002D47F1 /* Frameworks */ = {
			isa = PBXFrameworksBuildPhase;
			buildActionMask = 2147483647;
			files = (
			);
			runOnlyForDeploymentPostprocessing = 0;
		};
/* End PBXFrameworksBuildPhase section */

/* Begin PBXGroup section */
		248836CA2E6282C3002D47F1 = {
			isa = PBXGroup;
			children = (
				248836D52E6282C3002D47F1 /* Positive Only Social */,
				248836E32E6282C5002D47F1 /* Positive Only SocialTests */,
				248836ED2E6282C5002D47F1 /* Positive Only SocialUITests */,
				248836D42E6282C3002D47F1 /* Products */,
			);
			sourceTree = "<group>";
		};
		248836D42E6282C3002D47F1 /* Products */ = {
			isa = PBXGroup;
			children = (
				248836D32E6282C3002D47F1 /* Positive Only Social.app */,
				248836E02E6282C5002D47F1 /* Positive Only SocialTests.xctest */,
				248836EA2E6282C5002D47F1 /* Positive Only SocialUITests.xctest */,
			);
			name = Products;
			sourceTree = "<group>";
		};
/* End PBXGroup section */

/* Begin PBXNativeTarget section */
		248836D22E6282C3002D47F1 /* Positive Only Social */ = {
			isa = PBXNativeTarget;
			buildConfigurationList = 248836F42E6282C5002D47F1 /* Build configuration list for PBXNativeTarget "Positive Only Social" */;
			buildPhases = (
				248836CF2E6282C3002D47F1 /* Sources */,
				248836D02E6282C3002D47F1 /* Frameworks */,
				248836D12E6282C3002D47F1 /* Resources */,
			);
			buildRules = (
			);
			dependencies = (
			);
			fileSystemSynchronizedGroups = (
				248836D52E6282C3002D47F1 /* Positive Only Social */,
			);
			name = "Positive Only Social";
			packageProductDependencies = (
				244C436D2E9AA12F003D2A61 /* AWSCognitoIdentity */,
				244C436F2E9AA12F003D2A61 /* AWSS3 */,
				244C43712E9AA4ED003D2A61 /* AWSCognitoIdentityProvider */,
				244C43732E9AA587003D2A61 /* AWSBedrockAgent */,
				244C43752E9AA587003D2A61 /* AWSBedrockAgentCore */,
				244C43772E9AA587003D2A61 /* AWSBedrockAgentCoreControl */,
				244C43792E9AA587003D2A61 /* AWSClientRuntime */,
			);
			productName = "Positive Only Social";
			productReference = 248836D32E6282C3002D47F1 /* Positive Only Social.app */;
			productType = "com.apple.product-type.application";
		};
		248836DF2E6282C5002D47F1 /* Positive Only SocialTests */ = {
			isa = PBXNativeTarget;
			buildConfigurationList = 248836F72E6282C5002D47F1 /* Build configuration list for PBXNativeTarget "Positive Only SocialTests" */;
			buildPhases = (
				248836DC2E6282C5002D47F1 /* Sources */,
				248836DD2E6282C5002D47F1 /* Frameworks */,
				248836DE2E6282C5002D47F1 /* Resources */,
			);
			buildRules = (
			);
			dependencies = (
				248836E22E6282C5002D47F1 /* PBXTargetDependency */,
			);
			fileSystemSynchronizedGroups = (
				248836E32E6282C5002D47F1 /* Positive Only SocialTests */,
			);
			name = "Positive Only SocialTests";
			packageProductDependencies = (
			);
			productName = "Positive Only SocialTests";
			productReference = 248836E02E6282C5002D47F1 /* Positive Only SocialTests.xctest */;
			productType = "com.apple.product-type.bundle.unit-test";
		};
		248836E92E6282C5002D47F1 /* Positive Only SocialUITests */ = {
			isa = PBXNativeTarget;
			buildConfigurationList = 248836FA2E6282C5002D47F1 /* Build configuration list for PBXNativeTarget "Positive Only SocialUITests" */;
			buildPhases = (
				248836E62E6282C5002D47F1 /* Sources */,
				248836E72E6282C5002D47F1 /* Frameworks */,
				248836E82E6282C5002D47F1 /* Resources */,
			);
			buildRules = (
			);
			dependencies = (
				248836EC2E6282C5002D47F1 /* PBXTargetDependency */,
			);
			fileSystemSynchronizedGroups = (
				248836ED2E6282C5002D47F1 /* Positive Only SocialUITests */,
			);
			name = "Positive Only SocialUITests";
			packageProductDependencies = (
			);
			productName = "Positive Only SocialUITests";
			productReference = 248836EA2E6282C5002D47F1 /* Positive Only SocialUITests.xctest */;
			productType = "com.apple.product-type.bundle.ui-testing";
		};
/* End PBXNativeTarget section */

/* Begin PBXProject section */
		248836CB2E6282C3002D47F1 /* Project object */ = {
			isa = PBXProject;
			attributes = {
				BuildIndependentTargetsInParallel = 1;
				LastSwiftUpdateCheck = 1630;
				LastUpgradeCheck = 2600;
				TargetAttributes = {
					248836D22E6282C3002D47F1 = {
						CreatedOnToolsVersion = 16.3;
					};
					248836DF2E6282C5002D47F1 = {
						CreatedOnToolsVersion = 16.3;
						TestTargetID = 248836D22E6282C3002D47F1;
					};
					248836E92E6282C5002D47F1 = {
						CreatedOnToolsVersion = 16.3;
						TestTargetID = 248836D22E6282C3002D47F1;
					};
				};
			};
			buildConfigurationList = 248836CE2E6282C3002D47F1 /* Build configuration list for PBXProject "Positive Only Social" */;
			developmentRegion = en;
			hasScannedForEncodings = 0;
			knownRegions = (
				en,
				Base,
			);
			mainGroup = 248836CA2E6282C3002D47F1;
			minimizedProjectReferenceProxies = 1;
			packageReferences = (
				244C436C2E9AA12F003D2A61 /* XCRemoteSwiftPackageReference "aws-sdk-swift" */,
			);
			preferredProjectObjectVersion = 77;
			productRefGroup = 248836D42E6282C3002D47F1 /* Products */;
			projectDirPath = "";
			projectRoot = "";
			targets = (
				248836D22E6282C3002D47F1 /* Positive Only Social */,
				248836DF2E6282C5002D47F1 /* Positive Only SocialTests */,
				248836E92E6282C5002D47F1 /* Positive Only SocialUITests */,
			);
		};
/* End PBXProject section */

/* Begin PBXResourcesBuildPhase section */
		248836D12E6282C3002D47F1 /* Resources */ = {
			isa = PBXResourcesBuildPhase;
			buildActionMask = 2147483647;
			files = (
			);
			runOnlyForDeploymentPostprocessing = 0;
		};
		248836DE2E6282C5002D47F1 /* Resources */ = {
			isa = PBXResourcesBuildPhase;
			buildActionMask = 2147483647;
			files = (
			);
			runOnlyForDeploymentPostprocessing = 0;
		};
		248836E82E6282C5002D47F1 /* Resources */ = {
			isa = PBXResourcesBuildPhase;
			buildActionMask = 2147483647;
			files = (
			);
			runOnlyForDeploymentPostprocessing = 0;
		};
/* End PBXResourcesBuildPhase section */

/* Begin PBXSourcesBuildPhase section */
		248836CF2E6282C3002D47F1 /* Sources */ = {
			isa = PBXSourcesBuildPhase;
			buildActionMask = 2147483647;
			files = (
			);
			runOnlyForDeploymentPostprocessing = 0;
		};
		248836DC2E6282C5002D47F1 /* Sources */ = {
			isa = PBXSourcesBuildPhase;
			buildActionMask = 2147483647;
			files = (
			);
			runOnlyForDeploymentPostprocessing = 0;
		};
		248836E62E6282C5002D47F1 /* Sources */ = {
			isa = PBXSourcesBuildPhase;
			buildActionMask = 2147483647;
			files = (
			);
			runOnlyForDeploymentPostprocessing = 0;
		};
/* End PBXSourcesBuildPhase section */

/* Begin PBXTargetDependency section */
		248836E22E6282C5002D47F1 /* PBXTargetDependency */ = {
			isa = PBXTargetDependency;
			target = 248836D22E6282C3002D47F1 /* Positive Only Social */;
			targetProxy = 248836E12E6282C5002D47F1 /* PBXContainerItemProxy */;
		};
		248836EC2E6282C5002D47F1 /* PBXTargetDependency */ = {
			isa = PBXTargetDependency;
			target = 248836D22E6282C3002D47F1 /* Positive Only Social */;
			targetProxy = 248836EB2E6282C5002D47F1 /* PBXContainerItemProxy */;
		};
/* End PBXTargetDependency section */

/* Begin XCBuildConfiguration section */
		248836F22E6282C5002D47F1 /* Debug */ = {
			isa = XCBuildConfiguration;
			buildSettings = {
				ALWAYS_SEARCH_USER_PATHS = NO;
				ASSETCATALOG_COMPILER_GENERATE_SWIFT_ASSET_SYMBOL_EXTENSIONS = YES;
				CLANG_ANALYZER_NONNULL = YES;
				CLANG_ANALYZER_NUMBER_OBJECT_CONVERSION = YES_AGGRESSIVE;
				CLANG_CXX_LANGUAGE_STANDARD = "gnu++20";
				CLANG_ENABLE_MODULES = YES;
				CLANG_ENABLE_OBJC_ARC = YES;
				CLANG_ENABLE_OBJC_WEAK = YES;
				CLANG_WARN_BLOCK_CAPTURE_AUTORELEASING = YES;
				CLANG_WARN_BOOL_CONVERSION = YES;
				CLANG_WARN_COMMA = YES;
				CLANG_WARN_CONSTANT_CONVERSION = YES;
				CLANG_WARN_DEPRECATED_OBJC_IMPLEMENTATIONS = YES;
				CLANG_WARN_DIRECT_OBJC_ISA_USAGE = YES_ERROR;
				CLANG_WARN_DOCUMENTATION_COMMENTS = YES;
				CLANG_WARN_EMPTY_BODY = YES;
				CLANG_WARN_ENUM_CONVERSION = YES;
				CLANG_WARN_INFINITE_RECURSION = YES;
				CLANG_WARN_INT_CONVERSION = YES;
				CLANG_WARN_NON_LITERAL_NULL_CONVERSION = YES;
				CLANG_WARN_OBJC_IMPLICIT_RETAIN_SELF = YES;
				CLANG_WARN_OBJC_LITERAL_CONVERSION = YES;
				CLANG_WARN_OBJC_ROOT_CLASS = YES_ERROR;
				CLANG_WARN_QUOTED_INCLUDE_IN_FRAMEWORK_HEADER = YES;
				CLANG_WARN_RANGE_LOOP_ANALYSIS = YES;
				CLANG_WARN_STRICT_PROTOTYPES = YES;
				CLANG_WARN_SUSPICIOUS_MOVE = YES;
				CLANG_WARN_UNGUARDED_AVAILABILITY = YES_AGGRESSIVE;
				CLANG_WARN_UNREACHABLE_CODE = YES;
				CLANG_WARN__DUPLICATE_METHOD_MATCH = YES;
				COPY_PHASE_STRIP = NO;
				DEBUG_INFORMATION_FORMAT = dwarf;
				ENABLE_STRICT_OBJC_MSGSEND = YES;
				ENABLE_TESTABILITY = YES;
				ENABLE_USER_SCRIPT_SANDBOXING = YES;
				GCC_C_LANGUAGE_STANDARD = gnu17;
				GCC_DYNAMIC_NO_PIC = NO;
				GCC_NO_COMMON_BLOCKS = YES;
				GCC_OPTIMIZATION_LEVEL = 0;
				GCC_PREPROCESSOR_DEFINITIONS = (
					"DEBUG=1",
					"$(inherited)",
				);
				GCC_WARN_64_TO_32_BIT_CONVERSION = YES;
				GCC_WARN_ABOUT_RETURN_TYPE = YES_ERROR;
				GCC_WARN_UNDECLARED_SELECTOR = YES;
				GCC_WARN_UNINITIALIZED_AUTOS = YES_AGGRESSIVE;
				GCC_WARN_UNUSED_FUNCTION = YES;
				GCC_WARN_UNUSED_VARIABLE = YES;
				IPHONEOS_DEPLOYMENT_TARGET = 18.4;
				LOCALIZATION_PREFERS_STRING_CATALOGS = YES;
				MTL_ENABLE_DEBUG_INFO = INCLUDE_SOURCE;
				MTL_FAST_MATH = YES;
				ONLY_ACTIVE_ARCH = YES;
				SDKROOT = iphoneos;
				STRING_CATALOG_GENERATE_SYMBOLS = YES;
				SWIFT_ACTIVE_COMPILATION_CONDITIONS = "DEBUG $(inherited)";
				SWIFT_OPTIMIZATION_LEVEL = "-Onone";
			};
			name = Debug;
		};
		248836F32E6282C5002D47F1 /* Release */ = {
			isa = XCBuildConfiguration;
			buildSettings = {
				ALWAYS_SEARCH_USER_PATHS = NO;
				ASSETCATALOG_COMPILER_GENERATE_SWIFT_ASSET_SYMBOL_EXTENSIONS = YES;
				CLANG_ANALYZER_NONNULL = YES;
				CLANG_ANALYZER_NUMBER_OBJECT_CONVERSION = YES_AGGRESSIVE;
				CLANG_CXX_LANGUAGE_STANDARD = "gnu++20";
				CLANG_ENABLE_MODULES = YES;
				CLANG_ENABLE_OBJC_ARC = YES;
				CLANG_ENABLE_OBJC_WEAK = YES;
				CLANG_WARN_BLOCK_CAPTURE_AUTORELEASING = YES;
				CLANG_WARN_BOOL_CONVERSION = YES;
				CLANG_WARN_COMMA = YES;
				CLANG_WARN_CONSTANT_CONVERSION = YES;
				CLANG_WARN_DEPRECATED_OBJC_IMPLEMENTATIONS = YES;
				CLANG_WARN_DIRECT_OBJC_ISA_USAGE = YES_ERROR;
				CLANG_WARN_DOCUMENTATION_COMMENTS = YES;
				CLANG_WARN_EMPTY_BODY = YES;
				CLANG_WARN_ENUM_CONVERSION = YES;
				CLANG_WARN_INFINITE_RECURSION = YES;
				CLANG_WARN_INT_CONVERSION = YES;
				CLANG_WARN_NON_LITERAL_NULL_CONVERSION = YES;
				CLANG_WARN_OBJC_IMPLICIT_RETAIN_SELF = YES;
				CLANG_WARN_OBJC_LITERAL_CONVERSION = YES;
				CLANG_WARN_OBJC_ROOT_CLASS = YES_ERROR;
				CLANG_WARN_QUOTED_INCLUDE_IN_FRAMEWORK_HEADER = YES;
				CLANG_WARN_RANGE_LOOP_ANALYSIS = YES;
				CLANG_WARN_STRICT_PROTOTYPES = YES;
				CLANG_WARN_SUSPICIOUS_MOVE = YES;
				CLANG_WARN_UNGUARDED_AVAILABILITY = YES_AGGRESSIVE;
				CLANG_WARN_UNREACHABLE_CODE = YES;
				CLANG_WARN__DUPLICATE_METHOD_MATCH = YES;
				COPY_PHASE_STRIP = NO;
				DEBUG_INFORMATION_FORMAT = "dwarf-with-dsym";
				ENABLE_NS_ASSERTIONS = NO;
				ENABLE_STRICT_OBJC_MSGSEND = YES;
				ENABLE_USER_SCRIPT_SANDBOXING = YES;
				GCC_C_LANGUAGE_STANDARD = gnu17;
				GCC_NO_COMMON_BLOCKS = YES;
				GCC_WARN_64_TO_32_BIT_CONVERSION = YES;
				GCC_WARN_ABOUT_RETURN_TYPE = YES_ERROR;
				GCC_WARN_UNDECLARED_SELECTOR = YES;
				GCC_WARN_UNINITIALIZED_AUTOS = YES_AGGRESSIVE;
				GCC_WARN_UNUSED_FUNCTION = YES;
				GCC_WARN_UNUSED_VARIABLE = YES;
				IPHONEOS_DEPLOYMENT_TARGET = 18.4;
				LOCALIZATION_PREFERS_STRING_CATALOGS = YES;
				MTL_ENABLE_DEBUG_INFO = NO;
				MTL_FAST_MATH = YES;
				SDKROOT = iphoneos;
				STRING_CATALOG_GENERATE_SYMBOLS = YES;
				SWIFT_COMPILATION_MODE = wholemodule;
				VALIDATE_PRODUCT = YES;
			};
			name = Release;
		};
		248836F52E6282C5002D47F1 /* Debug */ = {
			isa = XCBuildConfiguration;
			buildSettings = {
				ASSETCATALOG_COMPILER_APPICON_NAME = AppIcon;
				ASSETCATALOG_COMPILER_GLOBAL_ACCENT_COLOR_NAME = AccentColor;
				CODE_SIGN_STYLE = Automatic;
				CURRENT_PROJECT_VERSION = 1;
				ENABLE_PREVIEWS = YES;
				GENERATE_INFOPLIST_FILE = YES;
				INFOPLIST_KEY_UIApplicationSceneManifest_Generation = YES;
				INFOPLIST_KEY_UIApplicationSupportsIndirectInputEvents = YES;
				INFOPLIST_KEY_UILaunchScreen_Generation = YES;
				INFOPLIST_KEY_UISupportedInterfaceOrientations_iPad = "UIInterfaceOrientationPortrait UIInterfaceOrientationPortraitUpsideDown UIInterfaceOrientationLandscapeLeft UIInterfaceOrientationLandscapeRight";
				INFOPLIST_KEY_UISupportedInterfaceOrientations_iPhone = "UIInterfaceOrientationPortrait UIInterfaceOrientationLandscapeLeft UIInterfaceOrientationLandscapeRight";
				LD_RUNPATH_SEARCH_PATHS = (
					"$(inherited)",
					"@executable_path/Frameworks",
				);
				MARKETING_VERSION = 1.0;
				PRODUCT_BUNDLE_IDENTIFIER = "positive-only-social.Positive-Only-Social";
				PRODUCT_NAME = "$(TARGET_NAME)";
				SWIFT_EMIT_LOC_STRINGS = YES;
				SWIFT_VERSION = 5.0;
				TARGETED_DEVICE_FAMILY = "1,2";
			};
			name = Debug;
		};
		248836F62E6282C5002D47F1 /* Release */ = {
			isa = XCBuildConfiguration;
			buildSettings = {
				ASSETCATALOG_COMPILER_APPICON_NAME = AppIcon;
				ASSETCATALOG_COMPILER_GLOBAL_ACCENT_COLOR_NAME = AccentColor;
				CODE_SIGN_STYLE = Automatic;
				CURRENT_PROJECT_VERSION = 1;
				ENABLE_PREVIEWS = YES;
				GENERATE_INFOPLIST_FILE = YES;
				INFOPLIST_KEY_UIApplicationSceneManifest_Generation = YES;
				INFOPLIST_KEY_UIApplicationSupportsIndirectInputEvents = YES;
				INFOPLIST_KEY_UILaunchScreen_Generation = YES;
				INFOPLIST_KEY_UISupportedInterfaceOrientations_iPad = "UIInterfaceOrientationPortrait UIInterfaceOrientationPortraitUpsideDown UIInterfaceOrientationLandscapeLeft UIInterfaceOrientationLandscapeRight";
				INFOPLIST_KEY_UISupportedInterfaceOrientations_iPhone = "UIInterfaceOrientationPortrait UIInterfaceOrientationLandscapeLeft UIInterfaceOrientationLandscapeRight";
				LD_RUNPATH_SEARCH_PATHS = (
					"$(inherited)",
					"@executable_path/Frameworks",
				);
				MARKETING_VERSION = 1.0;
				PRODUCT_BUNDLE_IDENTIFIER = "positive-only-social.Positive-Only-Social";
				PRODUCT_NAME = "$(TARGET_NAME)";
				SWIFT_EMIT_LOC_STRINGS = YES;
				SWIFT_VERSION = 5.0;
				TARGETED_DEVICE_FAMILY = "1,2";
			};
			name = Release;
		};
		248836F82E6282C5002D47F1 /* Debug */ = {
			isa = XCBuildConfiguration;
			buildSettings = {
				BUNDLE_LOADER = "$(TEST_HOST)";
				CODE_SIGN_STYLE = Automatic;
				CURRENT_PROJECT_VERSION = 1;
				GENERATE_INFOPLIST_FILE = YES;
				IPHONEOS_DEPLOYMENT_TARGET = 18.4;
				MARKETING_VERSION = 1.0;
				PRODUCT_BUNDLE_IDENTIFIER = "positive-only-social.Positive-Only-SocialTests";
				PRODUCT_NAME = "$(TARGET_NAME)";
				SWIFT_EMIT_LOC_STRINGS = NO;
				SWIFT_VERSION = 5.0;
				TARGETED_DEVICE_FAMILY = "1,2";
				TEST_HOST = "$(BUILT_PRODUCTS_DIR)/Positive Only Social.app/$(BUNDLE_EXECUTABLE_FOLDER_PATH)/Positive Only Social";
			};
			name = Debug;
		};
		248836F92E6282C5002D47F1 /* Release */ = {
			isa = XCBuildConfiguration;
			buildSettings = {
				BUNDLE_LOADER = "$(TEST_HOST)";
				CODE_SIGN_STYLE = Automatic;
				CURRENT_PROJECT_VERSION = 1;
				GENERATE_INFOPLIST_FILE = YES;
				IPHONEOS_DEPLOYMENT_TARGET = 18.4;
				MARKETING_VERSION = 1.0;
				PRODUCT_BUNDLE_IDENTIFIER = "positive-only-social.Positive-Only-SocialTests";
				PRODUCT_NAME = "$(TARGET_NAME)";
				SWIFT_EMIT_LOC_STRINGS = NO;
				SWIFT_VERSION = 5.0;
				TARGETED_DEVICE_FAMILY = "1,2";
				TEST_HOST = "$(BUILT_PRODUCTS_DIR)/Positive Only Social.app/$(BUNDLE_EXECUTABLE_FOLDER_PATH)/Positive Only Social";
			};
			name = Release;
		};
		248836FB2E6282C5002D47F1 /* Debug */ = {
			isa = XCBuildConfiguration;
			buildSettings = {
				CODE_SIGN_STYLE = Automatic;
				CURRENT_PROJECT_VERSION = 1;
				GENERATE_INFOPLIST_FILE = YES;
				MARKETING_VERSION = 1.0;
				PRODUCT_BUNDLE_IDENTIFIER = "positive-only-social.Positive-Only-SocialUITests";
				PRODUCT_NAME = "$(TARGET_NAME)";
				SWIFT_EMIT_LOC_STRINGS = NO;
				SWIFT_VERSION = 5.0;
				TARGETED_DEVICE_FAMILY = "1,2";
				TEST_TARGET_NAME = "Positive Only Social";
			};
			name = Debug;
		};
		248836FC2E6282C5002D47F1 /* Release */ = {
			isa = XCBuildConfiguration;
			buildSettings = {
				CODE_SIGN_STYLE = Automatic;
				CURRENT_PROJECT_VERSION = 1;
				GENERATE_INFOPLIST_FILE = YES;
				MARKETING_VERSION = 1.0;
				PRODUCT_BUNDLE_IDENTIFIER = "positive-only-social.Positive-Only-SocialUITests";
				PRODUCT_NAME = "$(TARGET_NAME)";
				SWIFT_EMIT_LOC_STRINGS = NO;
				SWIFT_VERSION = 5.0;
				TARGETED_DEVICE_FAMILY = "1,2";
				TEST_TARGET_NAME = "Positive Only Social";
			};
			name = Release;
		};
/* End XCBuildConfiguration section */

/* Begin XCConfigurationList section */
		248836CE2E6282C3002D47F1 /* Build configuration list for PBXProject "Positive Only Social" */ = {
			isa = XCConfigurationList;
			buildConfigurations = (
				248836F22E6282C5002D47F1 /* Debug */,
				248836F32E6282C5002D47F1 /* Release */,
			);
			defaultConfigurationIsVisible = 0;
			defaultConfigurationName = Release;
		};
		248836F42E6282C5002D47F1 /* Build configuration list for PBXNativeTarget "Positive Only Social" */ = {
			isa = XCConfigurationList;
			buildConfigurations = (
				248836F52E6282C5002D47F1 /* Debug */,
				248836F62E6282C5002D47F1 /* Release */,
			);
			defaultConfigurationIsVisible = 0;
			defaultConfigurationName = Release;
		};
		248836F72E6282C5002D47F1 /* Build configuration list for PBXNativeTarget "Positive Only SocialTests" */ = {
			isa = XCConfigurationList;
			buildConfigurations = (
				248836F82E6282C5002D47F1 /* Debug */,
				248836F92E6282C5002D47F1 /* Release */,
			);
			defaultConfigurationIsVisible = 0;
			defaultConfigurationName = Release;
		};
		248836FA2E6282C5002D47F1 /* Build configuration list for PBXNativeTarget "Positive Only SocialUITests" */ = {
			isa = XCConfigurationList;
			buildConfigurations = (
				248836FB2E6282C5002D47F1 /* Debug */,
				248836FC2E6282C5002D47F1 /* Release */,
			);
			defaultConfigurationIsVisible = 0;
			defaultConfigurationName = Release;
		};
/* End XCConfigurationList section */

/* Begin XCRemoteSwiftPackageReference section */
		244C436C2E9AA12F003D2A61 /* XCRemoteSwiftPackageReference "aws-sdk-swift" */ = {
			isa = XCRemoteSwiftPackageReference;
			repositoryURL = "https://github.com/awslabs/aws-sdk-swift.git";
			requirement = {
				kind = upToNextMajorVersion;
				minimumVersion = 1.5.61;
			};
		};
/* End XCRemoteSwiftPackageReference section */

/* Begin XCSwiftPackageProductDependency section */
		244C436D2E9AA12F003D2A61 /* AWSCognitoIdentity */ = {
			isa = XCSwiftPackageProductDependency;
			package = 244C436C2E9AA12F003D2A61 /* XCRemoteSwiftPackageReference "aws-sdk-swift" */;
			productName = AWSCognitoIdentity;
		};
		244C436F2E9AA12F003D2A61 /* AWSS3 */ = {
			isa = XCSwiftPackageProductDependency;
			package = 244C436C2E9AA12F003D2A61 /* XCRemoteSwiftPackageReference "aws-sdk-swift" */;
			productName = AWSS3;
		};
		244C43712E9AA4ED003D2A61 /* AWSCognitoIdentityProvider */ = {
			isa = XCSwiftPackageProductDependency;
			package = 244C436C2E9AA12F003D2A61 /* XCRemoteSwiftPackageReference "aws-sdk-swift" */;
			productName = AWSCognitoIdentityProvider;
		};
		244C43732E9AA587003D2A61 /* AWSBedrockAgent */ = {
			isa = XCSwiftPackageProductDependency;
			package = 244C436C2E9AA12F003D2A61 /* XCRemoteSwiftPackageReference "aws-sdk-swift" */;
			productName = AWSBedrockAgent;
		};
		244C43752E9AA587003D2A61 /* AWSBedrockAgentCore */ = {
			isa = XCSwiftPackageProductDependency;
			package = 244C436C2E9AA12F003D2A61 /* XCRemoteSwiftPackageReference "aws-sdk-swift" */;
			productName = AWSBedrockAgentCore;
		};
		244C43772E9AA587003D2A61 /* AWSBedrockAgentCoreControl */ = {
			isa = XCSwiftPackageProductDependency;
			package = 244C436C2E9AA12F003D2A61 /* XCRemoteSwiftPackageReference "aws-sdk-swift" */;
			productName = AWSBedrockAgentCoreControl;
		};
		244C43792E9AA587003D2A61 /* AWSClientRuntime */ = {
			isa = XCSwiftPackageProductDependency;
			package = 244C436C2E9AA12F003D2A61 /* XCRemoteSwiftPackageReference "aws-sdk-swift" */;
			productName = AWSClientRuntime;
		};
/* End XCSwiftPackageProductDependency section */
	};
	rootObject = 248836CB2E6282C3002D47F1 /* Project object */;
}
